// !$*UTF8*$!
{
	archiveVersion = 1;
	classes = {
	};
	objectVersion = 50;
	objects = {

/* Begin PBXBuildFile section */
		4B789F012164F9F500174255 /* CopyableLabel.m in Sources */ = {isa = PBXBuildFile; fileRef = 4B789F002164F9F500174255 /* CopyableLabel.m */; };
		4B789F042165010100174255 /* FetchBitratesOperation.m in Sources */ = {isa = PBXBuildFile; fileRef = 4B789F032165010100174255 /* FetchBitratesOperation.m */; };
		4B789F07216507E500174255 /* PlaylistRepository.m in Sources */ = {isa = PBXBuildFile; fileRef = 4B789F06216507E500174255 /* PlaylistRepository.m */; };
		4BDF4B46216246B8002EF4BE /* AppDelegate.m in Sources */ = {isa = PBXBuildFile; fileRef = 4BDF4B45216246B8002EF4BE /* AppDelegate.m */; };
		4BDF4B49216246B8002EF4BE /* ViewController.m in Sources */ = {isa = PBXBuildFile; fileRef = 4BDF4B48216246B8002EF4BE /* ViewController.m */; };
		4BDF4B4C216246B8002EF4BE /* Main.storyboard in Resources */ = {isa = PBXBuildFile; fileRef = 4BDF4B4A216246B8002EF4BE /* Main.storyboard */; };
		4BDF4B4E216246BA002EF4BE /* Assets.xcassets in Resources */ = {isa = PBXBuildFile; fileRef = 4BDF4B4D216246BA002EF4BE /* Assets.xcassets */; };
		4BDF4B51216246BA002EF4BE /* LaunchScreen.storyboard in Resources */ = {isa = PBXBuildFile; fileRef = 4BDF4B4F216246BA002EF4BE /* LaunchScreen.storyboard */; };
		4BDF4B54216246BA002EF4BE /* main.m in Sources */ = {isa = PBXBuildFile; fileRef = 4BDF4B53216246BA002EF4BE /* main.m */; };
		4BDF4B5C21638252002EF4BE /* ChooseItemTableViewController.m in Sources */ = {isa = PBXBuildFile; fileRef = 4BDF4B5B21638252002EF4BE /* ChooseItemTableViewController.m */; };
/* End PBXBuildFile section */

/* Begin PBXFileReference section */
		4B789EFF2164F9F500174255 /* CopyableLabel.h */ = {isa = PBXFileReference; lastKnownFileType = sourcecode.c.h; path = CopyableLabel.h; sourceTree = "<group>"; };
		4B789F002164F9F500174255 /* CopyableLabel.m */ = {isa = PBXFileReference; lastKnownFileType = sourcecode.c.objc; path = CopyableLabel.m; sourceTree = "<group>"; };
		4B789F022165010100174255 /* FetchBitratesOperation.h */ = {isa = PBXFileReference; lastKnownFileType = sourcecode.c.h; path = FetchBitratesOperation.h; sourceTree = "<group>"; };
		4B789F032165010100174255 /* FetchBitratesOperation.m */ = {isa = PBXFileReference; lastKnownFileType = sourcecode.c.objc; path = FetchBitratesOperation.m; sourceTree = "<group>"; };
		4B789F05216507E500174255 /* PlaylistRepository.h */ = {isa = PBXFileReference; lastKnownFileType = sourcecode.c.h; path = PlaylistRepository.h; sourceTree = "<group>"; };
		4B789F06216507E500174255 /* PlaylistRepository.m */ = {isa = PBXFileReference; lastKnownFileType = sourcecode.c.objc; path = PlaylistRepository.m; sourceTree = "<group>"; };
		4BDF4B41216246B8002EF4BE /* ABRBetweenCodecsSpike.app */ = {isa = PBXFileReference; explicitFileType = wrapper.application; includeInIndex = 0; path = ABRBetweenCodecsSpike.app; sourceTree = BUILT_PRODUCTS_DIR; };
		4BDF4B44216246B8002EF4BE /* AppDelegate.h */ = {isa = PBXFileReference; lastKnownFileType = sourcecode.c.h; path = AppDelegate.h; sourceTree = "<group>"; };
		4BDF4B45216246B8002EF4BE /* AppDelegate.m */ = {isa = PBXFileReference; lastKnownFileType = sourcecode.c.objc; path = AppDelegate.m; sourceTree = "<group>"; };
		4BDF4B47216246B8002EF4BE /* ViewController.h */ = {isa = PBXFileReference; lastKnownFileType = sourcecode.c.h; path = ViewController.h; sourceTree = "<group>"; };
		4BDF4B48216246B8002EF4BE /* ViewController.m */ = {isa = PBXFileReference; lastKnownFileType = sourcecode.c.objc; path = ViewController.m; sourceTree = "<group>"; };
		4BDF4B4B216246B8002EF4BE /* Base */ = {isa = PBXFileReference; lastKnownFileType = file.storyboard; name = Base; path = Base.lproj/Main.storyboard; sourceTree = "<group>"; };
		4BDF4B4D216246BA002EF4BE /* Assets.xcassets */ = {isa = PBXFileReference; lastKnownFileType = folder.assetcatalog; path = Assets.xcassets; sourceTree = "<group>"; };
		4BDF4B50216246BA002EF4BE /* Base */ = {isa = PBXFileReference; lastKnownFileType = file.storyboard; name = Base; path = Base.lproj/LaunchScreen.storyboard; sourceTree = "<group>"; };
		4BDF4B52216246BA002EF4BE /* Info.plist */ = {isa = PBXFileReference; lastKnownFileType = text.plist.xml; path = Info.plist; sourceTree = "<group>"; };
		4BDF4B53216246BA002EF4BE /* main.m */ = {isa = PBXFileReference; lastKnownFileType = sourcecode.c.objc; path = main.m; sourceTree = "<group>"; };
		4BDF4B5A21638252002EF4BE /* ChooseItemTableViewController.h */ = {isa = PBXFileReference; lastKnownFileType = sourcecode.c.h; path = ChooseItemTableViewController.h; sourceTree = "<group>"; };
		4BDF4B5B21638252002EF4BE /* ChooseItemTableViewController.m */ = {isa = PBXFileReference; lastKnownFileType = sourcecode.c.objc; path = ChooseItemTableViewController.m; sourceTree = "<group>"; };
/* End PBXFileReference section */

/* Begin PBXFrameworksBuildPhase section */
		4BDF4B3E216246B8002EF4BE /* Frameworks */ = {
			isa = PBXFrameworksBuildPhase;
			buildActionMask = 2147483647;
			files = (
			);
			runOnlyForDeploymentPostprocessing = 0;
		};
/* End PBXFrameworksBuildPhase section */

/* Begin PBXGroup section */
		4BDF4B38216246B8002EF4BE = {
			isa = PBXGroup;
			children = (
				4BDF4B43216246B8002EF4BE /* ABRBetweenCodecsSpike */,
				4BDF4B42216246B8002EF4BE /* Products */,
			);
			sourceTree = "<group>";
		};
		4BDF4B42216246B8002EF4BE /* Products */ = {
			isa = PBXGroup;
			children = (
				4BDF4B41216246B8002EF4BE /* ABRBetweenCodecsSpike.app */,
			);
			name = Products;
			sourceTree = "<group>";
		};
		4BDF4B43216246B8002EF4BE /* ABRBetweenCodecsSpike */ = {
			isa = PBXGroup;
			children = (
				4BDF4B44216246B8002EF4BE /* AppDelegate.h */,
				4BDF4B5A21638252002EF4BE /* ChooseItemTableViewController.h */,
				4B789EFF2164F9F500174255 /* CopyableLabel.h */,
				4B789F022165010100174255 /* FetchBitratesOperation.h */,
				4B789F05216507E500174255 /* PlaylistRepository.h */,
				4BDF4B47216246B8002EF4BE /* ViewController.h */,
				4BDF4B45216246B8002EF4BE /* AppDelegate.m */,
				4BDF4B5B21638252002EF4BE /* ChooseItemTableViewController.m */,
				4B789F002164F9F500174255 /* CopyableLabel.m */,
				4B789F032165010100174255 /* FetchBitratesOperation.m */,
				4BDF4B53216246BA002EF4BE /* main.m */,
				4B789F06216507E500174255 /* PlaylistRepository.m */,
				4BDF4B48216246B8002EF4BE /* ViewController.m */,
				4BDF4B52216246BA002EF4BE /* Info.plist */,
				4BDF4B4D216246BA002EF4BE /* Assets.xcassets */,
				4BDF4B4F216246BA002EF4BE /* LaunchScreen.storyboard */,
				4BDF4B4A216246B8002EF4BE /* Main.storyboard */,
			);
			path = ABRBetweenCodecsSpike;
			sourceTree = "<group>";
		};
/* End PBXGroup section */

/* Begin PBXNativeTarget section */
		4BDF4B40216246B8002EF4BE /* ABRBetweenCodecsSpike */ = {
			isa = PBXNativeTarget;
			buildConfigurationList = 4BDF4B57216246BA002EF4BE /* Build configuration list for PBXNativeTarget "ABRBetweenCodecsSpike" */;
			buildPhases = (
				4BDF4B3D216246B8002EF4BE /* Sources */,
				4BDF4B3E216246B8002EF4BE /* Frameworks */,
				4BDF4B3F216246B8002EF4BE /* Resources */,
			);
			buildRules = (
			);
			dependencies = (
			);
			name = ABRBetweenCodecsSpike;
			productName = ABRBetweenCodecsSpike;
			productReference = 4BDF4B41216246B8002EF4BE /* ABRBetweenCodecsSpike.app */;
			productType = "com.apple.product-type.application";
		};
/* End PBXNativeTarget section */

/* Begin PBXProject section */
		4BDF4B39216246B8002EF4BE /* Project object */ = {
			isa = PBXProject;
			attributes = {
				LastUpgradeCheck = 0940;
				ORGANIZATIONNAME = BBC;
				TargetAttributes = {
					4BDF4B40216246B8002EF4BE = {
						CreatedOnToolsVersion = 9.4.1;
					};
				};
			};
			buildConfigurationList = 4BDF4B3C216246B8002EF4BE /* Build configuration list for PBXProject "ABRBetweenCodecsSpike" */;
			compatibilityVersion = "Xcode 9.3";
			developmentRegion = en;
			hasScannedForEncodings = 0;
			knownRegions = (
				en,
				Base,
			);
			mainGroup = 4BDF4B38216246B8002EF4BE;
			productRefGroup = 4BDF4B42216246B8002EF4BE /* Products */;
			projectDirPath = "";
			projectRoot = "";
			targets = (
				4BDF4B40216246B8002EF4BE /* ABRBetweenCodecsSpike */,
			);
		};
/* End PBXProject section */

/* Begin PBXResourcesBuildPhase section */
		4BDF4B3F216246B8002EF4BE /* Resources */ = {
			isa = PBXResourcesBuildPhase;
			buildActionMask = 2147483647;
			files = (
				4BDF4B51216246BA002EF4BE /* LaunchScreen.storyboard in Resources */,
				4BDF4B4E216246BA002EF4BE /* Assets.xcassets in Resources */,
				4BDF4B4C216246B8002EF4BE /* Main.storyboard in Resources */,
			);
			runOnlyForDeploymentPostprocessing = 0;
		};
/* End PBXResourcesBuildPhase section */

/* Begin PBXSourcesBuildPhase section */
		4BDF4B3D216246B8002EF4BE /* Sources */ = {
			isa = PBXSourcesBuildPhase;
			buildActionMask = 2147483647;
			files = (
				4B789F042165010100174255 /* FetchBitratesOperation.m in Sources */,
				4BDF4B49216246B8002EF4BE /* ViewController.m in Sources */,
				4BDF4B5C21638252002EF4BE /* ChooseItemTableViewController.m in Sources */,
				4B789F012164F9F500174255 /* CopyableLabel.m in Sources */,
				4BDF4B54216246BA002EF4BE /* main.m in Sources */,
				4BDF4B46216246B8002EF4BE /* AppDelegate.m in Sources */,
				4B789F07216507E500174255 /* PlaylistRepository.m in Sources */,
			);
			runOnlyForDeploymentPostprocessing = 0;
		};
/* End PBXSourcesBuildPhase section */

/* Begin PBXVariantGroup section */
		4BDF4B4A216246B8002EF4BE /* Main.storyboard */ = {
			isa = PBXVariantGroup;
			children = (
				4BDF4B4B216246B8002EF4BE /* Base */,
			);
			name = Main.storyboard;
			sourceTree = "<group>";
		};
		4BDF4B4F216246BA002EF4BE /* LaunchScreen.storyboard */ = {
			isa = PBXVariantGroup;
			children = (
				4BDF4B50216246BA002EF4BE /* Base */,
			);
			name = LaunchScreen.storyboard;
			sourceTree = "<group>";
		};
/* End PBXVariantGroup section */

/* Begin XCBuildConfiguration section */
		4BDF4B55216246BA002EF4BE /* Debug */ = {
			isa = XCBuildConfiguration;
			buildSettings = {
				ALWAYS_SEARCH_USER_PATHS = NO;
				CLANG_ANALYZER_NONNULL = YES;
				CLANG_ANALYZER_NUMBER_OBJECT_CONVERSION = YES_AGGRESSIVE;
				CLANG_CXX_LANGUAGE_STANDARD = "gnu++14";
				CLANG_CXX_LIBRARY = "libc++";
				CLANG_ENABLE_MODULES = YES;
				CLANG_ENABLE_OBJC_ARC = YES;
				CLANG_ENABLE_OBJC_WEAK = YES;
				CLANG_WARN_BLOCK_CAPTURE_AUTORELEASING = YES;
				CLANG_WARN_BOOL_CONVERSION = YES;
				CLANG_WARN_COMMA = YES;
				CLANG_WARN_CONSTANT_CONVERSION = YES;
				CLANG_WARN_DEPRECATED_OBJC_IMPLEMENTATIONS = YES;
				CLANG_WARN_DIRECT_OBJC_ISA_USAGE = YES_ERROR;
				CLANG_WARN_DOCUMENTATION_COMMENTS = YES;
				CLANG_WARN_EMPTY_BODY = YES;
				CLANG_WARN_ENUM_CONVERSION = YES;
				CLANG_WARN_INFINITE_RECURSION = YES;
				CLANG_WARN_INT_CONVERSION = YES;
				CLANG_WARN_NON_LITERAL_NULL_CONVERSION = YES;
				CLANG_WARN_OBJC_IMPLICIT_RETAIN_SELF = YES;
				CLANG_WARN_OBJC_LITERAL_CONVERSION = YES;
				CLANG_WARN_OBJC_ROOT_CLASS = YES_ERROR;
				CLANG_WARN_RANGE_LOOP_ANALYSIS = YES;
				CLANG_WARN_STRICT_PROTOTYPES = YES;
				CLANG_WARN_SUSPICIOUS_MOVE = YES;
				CLANG_WARN_UNGUARDED_AVAILABILITY = YES_AGGRESSIVE;
				CLANG_WARN_UNREACHABLE_CODE = YES;
				CLANG_WARN__DUPLICATE_METHOD_MATCH = YES;
				CODE_SIGN_IDENTITY = "iPhone Developer";
				COPY_PHASE_STRIP = NO;
				DEBUG_INFORMATION_FORMAT = dwarf;
				ENABLE_STRICT_OBJC_MSGSEND = YES;
				ENABLE_TESTABILITY = YES;
				GCC_C_LANGUAGE_STANDARD = gnu11;
				GCC_DYNAMIC_NO_PIC = NO;
				GCC_NO_COMMON_BLOCKS = YES;
				GCC_OPTIMIZATION_LEVEL = 0;
				GCC_PREPROCESSOR_DEFINITIONS = (
					"DEBUG=1",
					"$(inherited)",
				);
				GCC_WARN_64_TO_32_BIT_CONVERSION = YES;
				GCC_WARN_ABOUT_RETURN_TYPE = YES_ERROR;
				GCC_WARN_UNDECLARED_SELECTOR = YES;
				GCC_WARN_UNINITIALIZED_AUTOS = YES_AGGRESSIVE;
				GCC_WARN_UNUSED_FUNCTION = YES;
				GCC_WARN_UNUSED_VARIABLE = YES;
				IPHONEOS_DEPLOYMENT_TARGET = 11.4;
				MTL_ENABLE_DEBUG_INFO = YES;
				ONLY_ACTIVE_ARCH = YES;
				SDKROOT = iphoneos;
			};
			name = Debug;
		};
		4BDF4B56216246BA002EF4BE /* Release */ = {
			isa = XCBuildConfiguration;
			buildSettings = {
				ALWAYS_SEARCH_USER_PATHS = NO;
				CLANG_ANALYZER_NONNULL = YES;
				CLANG_ANALYZER_NUMBER_OBJECT_CONVERSION = YES_AGGRESSIVE;
				CLANG_CXX_LANGUAGE_STANDARD = "gnu++14";
				CLANG_CXX_LIBRARY = "libc++";
				CLANG_ENABLE_MODULES = YES;
				CLANG_ENABLE_OBJC_ARC = YES;
				CLANG_ENABLE_OBJC_WEAK = YES;
				CLANG_WARN_BLOCK_CAPTURE_AUTORELEASING = YES;
				CLANG_WARN_BOOL_CONVERSION = YES;
				CLANG_WARN_COMMA = YES;
				CLANG_WARN_CONSTANT_CONVERSION = YES;
				CLANG_WARN_DEPRECATED_OBJC_IMPLEMENTATIONS = YES;
				CLANG_WARN_DIRECT_OBJC_ISA_USAGE = YES_ERROR;
				CLANG_WARN_DOCUMENTATION_COMMENTS = YES;
				CLANG_WARN_EMPTY_BODY = YES;
				CLANG_WARN_ENUM_CONVERSION = YES;
				CLANG_WARN_INFINITE_RECURSION = YES;
				CLANG_WARN_INT_CONVERSION = YES;
				CLANG_WARN_NON_LITERAL_NULL_CONVERSION = YES;
				CLANG_WARN_OBJC_IMPLICIT_RETAIN_SELF = YES;
				CLANG_WARN_OBJC_LITERAL_CONVERSION = YES;
				CLANG_WARN_OBJC_ROOT_CLASS = YES_ERROR;
				CLANG_WARN_RANGE_LOOP_ANALYSIS = YES;
				CLANG_WARN_STRICT_PROTOTYPES = YES;
				CLANG_WARN_SUSPICIOUS_MOVE = YES;
				CLANG_WARN_UNGUARDED_AVAILABILITY = YES_AGGRESSIVE;
				CLANG_WARN_UNREACHABLE_CODE = YES;
				CLANG_WARN__DUPLICATE_METHOD_MATCH = YES;
				CODE_SIGN_IDENTITY = "iPhone Developer";
				COPY_PHASE_STRIP = NO;
				DEBUG_INFORMATION_FORMAT = "dwarf-with-dsym";
				ENABLE_NS_ASSERTIONS = NO;
				ENABLE_STRICT_OBJC_MSGSEND = YES;
				GCC_C_LANGUAGE_STANDARD = gnu11;
				GCC_NO_COMMON_BLOCKS = YES;
				GCC_WARN_64_TO_32_BIT_CONVERSION = YES;
				GCC_WARN_ABOUT_RETURN_TYPE = YES_ERROR;
				GCC_WARN_UNDECLARED_SELECTOR = YES;
				GCC_WARN_UNINITIALIZED_AUTOS = YES_AGGRESSIVE;
				GCC_WARN_UNUSED_FUNCTION = YES;
				GCC_WARN_UNUSED_VARIABLE = YES;
				IPHONEOS_DEPLOYMENT_TARGET = 11.4;
				MTL_ENABLE_DEBUG_INFO = NO;
				SDKROOT = iphoneos;
				VALIDATE_PRODUCT = YES;
			};
			name = Release;
		};
		4BDF4B58216246BA002EF4BE /* Debug */ = {
			isa = XCBuildConfiguration;
			buildSettings = {
				ASSETCATALOG_COMPILER_APPICON_NAME = AppIcon;
				CODE_SIGN_STYLE = Manual;
				DEVELOPMENT_TEAM = "";
				INFOPLIST_FILE = ABRBetweenCodecsSpike/Info.plist;
				IPHONEOS_DEPLOYMENT_TARGET = 11.0;
				LD_RUNPATH_SEARCH_PATHS = (
					"$(inherited)",
					"@executable_path/Frameworks",
				);
				PRODUCT_BUNDLE_IDENTIFIER = uk.co.mediaat.ABRBetweenCodecsSpike;
				PRODUCT_NAME = "$(TARGET_NAME)";
				PROVISIONING_PROFILE_SPECIFIER = "";
				TARGETED_DEVICE_FAMILY = "1,2";
			};
			name = Debug;
		};
		4BDF4B59216246BA002EF4BE /* Release */ = {
			isa = XCBuildConfiguration;
			buildSettings = {
				ASSETCATALOG_COMPILER_APPICON_NAME = AppIcon;
				CODE_SIGN_STYLE = Manual;
				DEVELOPMENT_TEAM = PPH9EJ7977;
				INFOPLIST_FILE = ABRBetweenCodecsSpike/Info.plist;
				IPHONEOS_DEPLOYMENT_TARGET = 11.0;
				LD_RUNPATH_SEARCH_PATHS = (
					"$(inherited)",
					"@executable_path/Frameworks",
				);
				PRODUCT_BUNDLE_IDENTIFIER = uk.co.mediaat.ABRBetweenCodecsSpike;
				PRODUCT_NAME = "$(TARGET_NAME)";
				PROVISIONING_PROFILE = "7d6ff69c-50be-4bcf-935e-dd5c2f2fbcae";
				PROVISIONING_PROFILE_SPECIFIER = "Media AT Development Provisioning Profile";
				TARGETED_DEVICE_FAMILY = "1,2";
			};
			name = Release;
		};
/* End XCBuildConfiguration section */

/* Begin XCConfigurationList section */
		4BDF4B3C216246B8002EF4BE /* Build configuration list for PBXProject "ABRBetweenCodecsSpike" */ = {
			isa = XCConfigurationList;
			buildConfigurations = (
				4BDF4B55216246BA002EF4BE /* Debug */,
				4BDF4B56216246BA002EF4BE /* Release */,
			);
			defaultConfigurationIsVisible = 0;
			defaultConfigurationName = Release;
		};
		4BDF4B57216246BA002EF4BE /* Build configuration list for PBXNativeTarget "ABRBetweenCodecsSpike" */ = {
			isa = XCConfigurationList;
			buildConfigurations = (
				4BDF4B58216246BA002EF4BE /* Debug */,
				4BDF4B59216246BA002EF4BE /* Release */,
			);
			defaultConfigurationIsVisible = 0;
			defaultConfigurationName = Release;
		};
/* End XCConfigurationList section */
	};
	rootObject = 4BDF4B39216246B8002EF4BE /* Project object */;
}
